
Microsoft Visual Studio Solution File, Format Version 12.00
# Visual Studio Version 16
VisualStudioVersion = 16.0.29503.13
MinimumVisualStudioVersion = 10.0.40219.1
Project("{FAE04EC0-301F-11D3-BF4B-00C04F79EFBC}") = "KurumsalWebP", "KurumsalWebP\KurumsalWebP.csproj", "{958B452F-E80B-40E2-9AA3-BB72B77133F4}"
EndProject
Global
	GlobalSection(SolutionConfigurationPlatforms) = preSolution
		Debug|Any CPU = Debug|Any CPU
		Release|Any CPU = Release|Any CPU
	EndGlobalSection
	GlobalSection(ProjectConfigurationPlatforms) = postSolution
		{958B452F-E80B-40E2-9AA3-BB72B77133F4}.Debug|Any CPU.ActiveCfg = Debug|Any CPU
		{958B452F-E80B-40E2-9AA3-BB72B77133F4}.Debug|Any CPU.Build.0 = Debug|Any CPU
		{958B452F-E80B-40E2-9AA3-BB72B77133F4}.Release|Any CPU.ActiveCfg = Release|Any CPU
		{958B452F-E80B-40E2-9AA3-BB72B77133F4}.Release|Any CPU.Build.0 = Release|Any CPU
	EndGlobalSection
	GlobalSection(SolutionProperties) = preSolution
		HideSolutionNode = FALSE
	EndGlobalSection
	GlobalSection(ExtensibilityGlobals) = postSolution
		SolutionGuid = {37452DCA-470D-4EE2-B03B-2A3B21969AC4}
	EndGlobalSection
EndGlobal
